
Microsoft Visual Studio Solution File, Format Version 12.00
# Visual Studio Version 17
VisualStudioVersion = 17.9.34701.34
MinimumVisualStudioVersion = 10.0.40219.1
Project("{FAE04EC0-301F-11D3-BF4B-00C04F79EFBC}") = "projetTp", "projetTp\projetTp.csproj", "{46C6C339-28AA-405D-ADA8-E667B94E42FA}"
EndProject
Project("{FAE04EC0-301F-11D3-BF4B-00C04F79EFBC}") = "ClasseLib", "ClasseLib\ClasseLib.csproj", "{D6F1623D-8BF8-4C1D-9169-6EEEF9F56C72}"
EndProject
Global
	GlobalSection(SolutionConfigurationPlatforms) = preSolution
		Debug|Any CPU = Debug|Any CPU
		Release|Any CPU = Release|Any CPU
	EndGlobalSection
	GlobalSection(ProjectConfigurationPlatforms) = postSolution
		{46C6C339-28AA-405D-ADA8-E667B94E42FA}.Debug|Any CPU.ActiveCfg = Debug|Any CPU
		{46C6C339-28AA-405D-ADA8-E667B94E42FA}.Debug|Any CPU.Build.0 = Debug|Any CPU
		{46C6C339-28AA-405D-ADA8-E667B94E42FA}.Release|Any CPU.ActiveCfg = Release|Any CPU
		{46C6C339-28AA-405D-ADA8-E667B94E42FA}.Release|Any CPU.Build.0 = Release|Any CPU
		{D6F1623D-8BF8-4C1D-9169-6EEEF9F56C72}.Debug|Any CPU.ActiveCfg = Debug|Any CPU
		{D6F1623D-8BF8-4C1D-9169-6EEEF9F56C72}.Debug|Any CPU.Build.0 = Debug|Any CPU
		{D6F1623D-8BF8-4C1D-9169-6EEEF9F56C72}.Release|Any CPU.ActiveCfg = Release|Any CPU
		{D6F1623D-8BF8-4C1D-9169-6EEEF9F56C72}.Release|Any CPU.Build.0 = Release|Any CPU
	EndGlobalSection
	GlobalSection(SolutionProperties) = preSolution
		HideSolutionNode = FALSE
	EndGlobalSection
	GlobalSection(ExtensibilityGlobals) = postSolution
		SolutionGuid = {8A90BFFB-6322-40C2-9E82-262458F4379C}
	EndGlobalSection
EndGlobal
